
Microsoft Visual Studio Solution File, Format Version 12.00
# Visual Studio Version 16
VisualStudioVersion = 16.0.32228.343
MinimumVisualStudioVersion = 10.0.40219.1
Project("{FAE04EC0-301F-11D3-BF4B-00C04F79EFBC}") = "Shop", "Shop\Shop.csproj", "{6A80E202-31EA-4DCD-AC39-F3A1FBF9333D}"
EndProject
Global
	GlobalSection(SolutionConfigurationPlatforms) = preSolution
		Debug|Any CPU = Debug|Any CPU
		Release|Any CPU = Release|Any CPU
	EndGlobalSection
	GlobalSection(ProjectConfigurationPlatforms) = postSolution
		{6A80E202-31EA-4DCD-AC39-F3A1FBF9333D}.Debug|Any CPU.ActiveCfg = Debug|Any CPU
		{6A80E202-31EA-4DCD-AC39-F3A1FBF9333D}.Debug|Any CPU.Build.0 = Debug|Any CPU
		{6A80E202-31EA-4DCD-AC39-F3A1FBF9333D}.Release|Any CPU.ActiveCfg = Release|Any CPU
		{6A80E202-31EA-4DCD-AC39-F3A1FBF9333D}.Release|Any CPU.Build.0 = Release|Any CPU
	EndGlobalSection
	GlobalSection(SolutionProperties) = preSolution
		HideSolutionNode = FALSE
	EndGlobalSection
	GlobalSection(ExtensibilityGlobals) = postSolution
		SolutionGuid = {ED11707D-ADBC-4187-9AD7-6F5DB0DE69EB}
	EndGlobalSection
EndGlobal
